
Microsoft Visual Studio Solution File, Format Version 12.00
# Visual Studio 15
VisualStudioVersion = 15.0.27004.2006
MinimumVisualStudioVersion = 10.0.40219.1
Project("{FAE04EC0-301F-11D3-BF4B-00C04F79EFBC}") = "SqlChat", "SqlChat\SqlChat.csproj", "{F784F0C0-48DA-44ED-8564-1B850A2B1919}"
EndProject
Global
	GlobalSection(SolutionConfigurationPlatforms) = preSolution
		Debug|Any CPU = Debug|Any CPU
		Release|Any CPU = Release|Any CPU
	EndGlobalSection
	GlobalSection(ProjectConfigurationPlatforms) = postSolution
		{F784F0C0-48DA-44ED-8564-1B850A2B1919}.Debug|Any CPU.ActiveCfg = Debug|Any CPU
		{F784F0C0-48DA-44ED-8564-1B850A2B1919}.Debug|Any CPU.Build.0 = Debug|Any CPU
		{F784F0C0-48DA-44ED-8564-1B850A2B1919}.Release|Any CPU.ActiveCfg = Release|Any CPU
		{F784F0C0-48DA-44ED-8564-1B850A2B1919}.Release|Any CPU.Build.0 = Release|Any CPU
	EndGlobalSection
	GlobalSection(SolutionProperties) = preSolution
		HideSolutionNode = FALSE
	EndGlobalSection
	GlobalSection(ExtensibilityGlobals) = postSolution
		SolutionGuid = {D597C44D-1F05-4DF2-A564-950D926B023B}
	EndGlobalSection
EndGlobal
